
Microsoft Visual Studio Solution File, Format Version 12.00
# Visual Studio Version 17
VisualStudioVersion = 17.6.33815.320
MinimumVisualStudioVersion = 10.0.40219.1
Project("{FAE04EC0-301F-11D3-BF4B-00C04F79EFBC}") = "CommandPanelTest", "CommandPanelTest\CommandPanelTest.csproj", "{E80BB107-9968-4CC4-B440-8D9EB3E3A9F0}"
EndProject
Global
	GlobalSection(SolutionConfigurationPlatforms) = preSolution
		Debug|Any CPU = Debug|Any CPU
		Release|Any CPU = Release|Any CPU
	EndGlobalSection
	GlobalSection(ProjectConfigurationPlatforms) = postSolution
		{E80BB107-9968-4CC4-B440-8D9EB3E3A9F0}.Debug|Any CPU.ActiveCfg = Debug|Any CPU
		{E80BB107-9968-4CC4-B440-8D9EB3E3A9F0}.Debug|Any CPU.Build.0 = Debug|Any CPU
		{E80BB107-9968-4CC4-B440-8D9EB3E3A9F0}.Release|Any CPU.ActiveCfg = Release|Any CPU
		{E80BB107-9968-4CC4-B440-8D9EB3E3A9F0}.Release|Any CPU.Build.0 = Release|Any CPU
	EndGlobalSection
	GlobalSection(SolutionProperties) = preSolution
		HideSolutionNode = FALSE
	EndGlobalSection
	GlobalSection(ExtensibilityGlobals) = postSolution
		SolutionGuid = {D332073C-B8D1-48F0-A3E8-7CCC777C3B9A}
	EndGlobalSection
EndGlobal
